<Solution>
  <Project Path="DAY10/SalesOrder DAY10/SalesOrder DAY10.csproj" Id="0cbbe308-ff67-4083-9a93-a451d530765b" />
  <Project Path="DAY13/DAY13/GymMembership DAY13.csproj" Id="a1a24550-86cb-4005-a0f8-5533db9738e1" />
  <Project Path="DAY14/DAY14/EmployeeClass DAY14.csproj" Id="d102ca38-c62e-4343-a58a-0ccf1207993f" />
  <Project Path="DAY8/String Logins DAY8/String Logins DAY8.csproj" Id="c46d4ab7-c750-496a-8ef0-60534b1fff95" />
  <Project Path="DAY9/SalesAnalysys/SalesAnalysys/SalesAnalysys DAY9.csproj" Id="d1966989-1b7e-44ab-ab38-9b8fcd51d028" />
</Solution>
