<Solution>
  <Project Path="DAY10/SalesOrder DAY10.csproj" Id="0cbbe308-ff67-4083-9a93-a451d530765b" />
  <Project Path="DAY11/DAY11.csproj" Id="e370f29e-367c-49b1-baff-19006bbe6c86" />
  <Project Path="DAY13/GymMembership DAY13.csproj" Id="a1a24550-86cb-4005-a0f8-5533db9738e1" />
  <Project Path="DAY14/EmployeeClass DAY14.csproj" Id="d102ca38-c62e-4343-a58a-0ccf1207993f" />
  <Project Path="DAY15/DAY15.csproj" Id="d7bd1705-d8ac-4a18-9c26-7b5f77150b42" />
  <Project Path="DAY16/DAY16.csproj" Id="ba929b04-f534-4c36-a07e-6d44c0d81bcf" />
  <Project Path="DAY18/DAY18.csproj" Id="0fd9c20e-2ecb-457b-aafb-71f50d613ee6" />
  <Project Path="DAY20/DAY20.csproj" Id="b720bbf0-120d-45c3-8d75-4471e85e1db6" />
  <Project Path="DAY7/DAY7.csproj" />
  <Project Path="DAY8/String Logins DAY8/String Logins DAY8.csproj" Id="c46d4ab7-c750-496a-8ef0-60534b1fff95" />
  <Project Path="DAY9/SalesAnalysys/SalesAnalysys/SalesAnalysys DAY9.csproj" Id="d1966989-1b7e-44ab-ab38-9b8fcd51d028" />
</Solution>
